
Microsoft Visual Studio Solution File, Format Version 12.00
Project("{FAE04EC0-301F-11D3-BF4B-00C04F79EFBC}") = "TitleManagementSystem", "TitleManagementSystem\TitleManagementSystem.csproj", "{65B1F40B-6658-4A40-974A-81B841C07297}"
EndProject
Global
	GlobalSection(SolutionConfigurationPlatforms) = preSolution
		Debug|Any CPU = Debug|Any CPU
		Release|Any CPU = Release|Any CPU
	EndGlobalSection
	GlobalSection(ProjectConfigurationPlatforms) = postSolution
		{65B1F40B-6658-4A40-974A-81B841C07297}.Debug|Any CPU.ActiveCfg = Debug|Any CPU
		{65B1F40B-6658-4A40-974A-81B841C07297}.Debug|Any CPU.Build.0 = Debug|Any CPU
		{65B1F40B-6658-4A40-974A-81B841C07297}.Release|Any CPU.ActiveCfg = Release|Any CPU
		{65B1F40B-6658-4A40-974A-81B841C07297}.Release|Any CPU.Build.0 = Release|Any CPU
	EndGlobalSection
EndGlobal
